
Microsoft Visual Studio Solution File, Format Version 12.00
# Visual Studio Version 17
VisualStudioVersion = 17.7.34221.43
MinimumVisualStudioVersion = 10.0.40219.1
Project("{FAE04EC0-301F-11D3-BF4B-00C04F79EFBC}") = "MusicPlayer", "MusicPlayer.csproj", "{6BF0E53D-AEE0-49DC-84E3-9EE25B6BDB06}"
EndProject
Global
	GlobalSection(SolutionConfigurationPlatforms) = preSolution
		Debug|Any CPU = Debug|Any CPU
		Release|Any CPU = Release|Any CPU
	EndGlobalSection
	GlobalSection(ProjectConfigurationPlatforms) = postSolution
		{6BF0E53D-AEE0-49DC-84E3-9EE25B6BDB06}.Debug|Any CPU.ActiveCfg = Debug|Any CPU
		{6BF0E53D-AEE0-49DC-84E3-9EE25B6BDB06}.Debug|Any CPU.Build.0 = Debug|Any CPU
		{6BF0E53D-AEE0-49DC-84E3-9EE25B6BDB06}.Release|Any CPU.ActiveCfg = Release|Any CPU
		{6BF0E53D-AEE0-49DC-84E3-9EE25B6BDB06}.Release|Any CPU.Build.0 = Release|Any CPU
	EndGlobalSection
	GlobalSection(SolutionProperties) = preSolution
		HideSolutionNode = FALSE
	EndGlobalSection
	GlobalSection(ExtensibilityGlobals) = postSolution
		SolutionGuid = {60F1A6B9-2F14-4AF9-B27A-CD3135A3CE4D}
	EndGlobalSection
EndGlobal
